PODS:
  - Alamofire (4.7.3)
  - KRActivityIndicatorView (3.0.0)
  - KRProgressHUD (3.4.0):
    - KRActivityIndicatorView (= 3.0.0)
  - SwiftyJSON (4.2.0)

DEPENDENCIES:
  - Alamofire
  - KRProgressHUD
  - SwiftyJSON

SPEC REPOS:
  https://github.com/cocoapods/specs.git:
    - Alamofire
    - KRActivityIndicatorView
    - KRProgressHUD
    - SwiftyJSON

SPEC CHECKSUMS:
  Alamofire: c7287b6e5d7da964a70935e5db17046b7fde6568
  KRActivityIndicatorView: c414000730a6f4969eeb354bee4f2aebc89c2c2e
  KRProgressHUD: 79c8703f82179fe34b3602f10b30726f887983fa
  SwiftyJSON: c4bcba26dd9ec7a027fc8eade48e2c911f229e96

PODFILE CHECKSUM: b528337b7755b70121055013268d0864db23abff

COCOAPODS: 1.5.3
